// !$*UTF8*$!
{
	archiveVersion = 1;
	classes = {
	};
	objectVersion = 46;
	objects = {

/* Begin PBXBuildFile section */
		6508B4BA1A19A50400776182 /* ContactViewController.m in Sources */ = {isa = PBXBuildFile; fileRef = 6508B4B91A19A50400776182 /* ContactViewController.m */; };
		6508B4BD1A1BE93A00776182 /* ParentPortalViewController.m in Sources */ = {isa = PBXBuildFile; fileRef = 6508B4BC1A1BE93900776182 /* ParentPortalViewController.m */; };
		652A8D911A1C475700162085 /* ScheduleCell.xib in Resources */ = {isa = PBXBuildFile; fileRef = 652A8D901A1C475700162085 /* ScheduleCell.xib */; };
		657883D01A260E1500D53B9A /* glyphicon_calendar.png in Resources */ = {isa = PBXBuildFile; fileRef = 657883CE1A260E1500D53B9A /* glyphicon_calendar.png */; };
		657883D11A260E1500D53B9A /* glyphicon_calendar@2x.png in Resources */ = {isa = PBXBuildFile; fileRef = 657883CF1A260E1500D53B9A /* glyphicon_calendar@2x.png */; };
		657883D41A260E5700D53B9A /* glyphicon_list.png in Resources */ = {isa = PBXBuildFile; fileRef = 657883D21A260E5700D53B9A /* glyphicon_list.png */; };
		657883D51A260E5700D53B9A /* glyphicon_list@2x.png in Resources */ = {isa = PBXBuildFile; fileRef = 657883D31A260E5700D53B9A /* glyphicon_list@2x.png */; };
		657883D81A260F3600D53B9A /* glyphicon_parents.png in Resources */ = {isa = PBXBuildFile; fileRef = 657883D61A260F3600D53B9A /* glyphicon_parents.png */; };
		657883D91A260F3600D53B9A /* glyphicon_parents@2x.png in Resources */ = {isa = PBXBuildFile; fileRef = 657883D71A260F3600D53B9A /* glyphicon_parents@2x.png */; };
		657883DC1A260FD800D53B9A /* glyphicon_global.png in Resources */ = {isa = PBXBuildFile; fileRef = 657883DA1A260FD800D53B9A /* glyphicon_global.png */; };
		657883DD1A260FD800D53B9A /* glyphicon_global@2x.png in Resources */ = {isa = PBXBuildFile; fileRef = 657883DB1A260FD800D53B9A /* glyphicon_global@2x.png */; };
		657883F01A26DF2500D53B9A /* TFHpple.m in Sources */ = {isa = PBXBuildFile; fileRef = 657883EB1A26DF2500D53B9A /* TFHpple.m */; };
		657883F11A26DF2500D53B9A /* TFHppleElement.m in Sources */ = {isa = PBXBuildFile; fileRef = 657883ED1A26DF2500D53B9A /* TFHppleElement.m */; };
		657883F41A26E07D00D53B9A /* libxml2.2.dylib in Frameworks */ = {isa = PBXBuildFile; fileRef = 657883F31A26E07D00D53B9A /* libxml2.2.dylib */; };
		657883F71A26E09F00D53B9A /* XPathQuery.m in Sources */ = {isa = PBXBuildFile; fileRef = 657883F61A26E09F00D53B9A /* XPathQuery.m */; };
		657883FA1A26E82E00D53B9A /* StaffStore.m in Sources */ = {isa = PBXBuildFile; fileRef = 657883F91A26E82E00D53B9A /* StaffStore.m */; };
		657883FD1A26E86D00D53B9A /* Staff.m in Sources */ = {isa = PBXBuildFile; fileRef = 657883FC1A26E86D00D53B9A /* Staff.m */; };
		657884001A28E77A00D53B9A /* StaffViewController.m in Sources */ = {isa = PBXBuildFile; fileRef = 657883FF1A28E77A00D53B9A /* StaffViewController.m */; };
		657884041A2AC5FF00D53B9A /* TeacherInfoViewController.m in Sources */ = {isa = PBXBuildFile; fileRef = 657884021A2AC5FF00D53B9A /* TeacherInfoViewController.m */; };
		657CA0CF1A1810F200CEC044 /* main.m in Sources */ = {isa = PBXBuildFile; fileRef = 657CA0CE1A1810F200CEC044 /* main.m */; };
		657CA0D21A1810F200CEC044 /* AppDelegate.m in Sources */ = {isa = PBXBuildFile; fileRef = 657CA0D11A1810F200CEC044 /* AppDelegate.m */; };
		657CA0D81A1810F200CEC044 /* Main.storyboard in Resources */ = {isa = PBXBuildFile; fileRef = 657CA0D61A1810F200CEC044 /* Main.storyboard */; };
		657CA0DA1A1810F200CEC044 /* Images.xcassets in Resources */ = {isa = PBXBuildFile; fileRef = 657CA0D91A1810F200CEC044 /* Images.xcassets */; };
		657CA0DD1A1810F200CEC044 /* LaunchScreen.xib in Resources */ = {isa = PBXBuildFile; fileRef = 657CA0DB1A1810F200CEC044 /* LaunchScreen.xib */; };
		657CA0E91A1810F200CEC044 /* RebelNetTests.m in Sources */ = {isa = PBXBuildFile; fileRef = 657CA0E81A1810F200CEC044 /* RebelNetTests.m */; };
		658505981A2BE9DA00487901 /* MessageUI.framework in Frameworks */ = {isa = PBXBuildFile; fileRef = 658505971A2BE9DA00487901 /* MessageUI.framework */; };
		6585059A1A2C24B800487901 /* cachedDataMetaValues.plist in Resources */ = {isa = PBXBuildFile; fileRef = 658505991A2C24B800487901 /* cachedDataMetaValues.plist */; };
		65A0BE0A1A1DA18900DF297D /* PeriodViewController.m in Sources */ = {isa = PBXBuildFile; fileRef = 65A0BE091A1DA18900DF297D /* PeriodViewController.m */; };
		65A0BE0C1A1DA21300DF297D /* PeriodView.xib in Resources */ = {isa = PBXBuildFile; fileRef = 65A0BE0B1A1DA21300DF297D /* PeriodView.xib */; };
		65D0E1C91A25E96D00DA892E /* Rebel base logo.png in Resources */ = {isa = PBXBuildFile; fileRef = 65D0E1C81A25E96D00DA892E /* Rebel base logo.png */; };
		65D1B5B71A216492001BF782 /* PeriodStore.m in Sources */ = {isa = PBXBuildFile; fileRef = 65D1B5B61A216492001BF782 /* PeriodStore.m */; };
		65D1B5BA1A2176F5001BF782 /* Period.m in Sources */ = {isa = PBXBuildFile; fileRef = 65D1B5B91A2176F5001BF782 /* Period.m */; };
		65DF180C1A1BF940004CE286 /* ScheduleViewController.m in Sources */ = {isa = PBXBuildFile; fileRef = 65DF180B1A1BF940004CE286 /* ScheduleViewController.m */; };
		65DF18111A1C1F51004CE286 /* ScheduleCell.m in Sources */ = {isa = PBXBuildFile; fileRef = 65DF18101A1C1F51004CE286 /* ScheduleCell.m */; };
/* End PBXBuildFile section */

/* Begin PBXContainerItemProxy section */
		657CA0E31A1810F200CEC044 /* PBXContainerItemProxy */ = {
			isa = PBXContainerItemProxy;
			containerPortal = 657CA0C11A1810F200CEC044 /* Project object */;
			proxyType = 1;
			remoteGlobalIDString = 657CA0C81A1810F200CEC044;
			remoteInfo = RebelNet;
		};
/* End PBXContainerItemProxy section */

/* Begin PBXFileReference section */
		6508B4B81A19A50400776182 /* ContactViewController.h */ = {isa = PBXFileReference; fileEncoding = 4; lastKnownFileType = sourcecode.c.h; path = ContactViewController.h; sourceTree = "<group>"; };
		6508B4B91A19A50400776182 /* ContactViewController.m */ = {isa = PBXFileReference; fileEncoding = 4; lastKnownFileType = sourcecode.c.objc; path = ContactViewController.m; sourceTree = "<group>"; };
		6508B4BB1A1BE93900776182 /* ParentPortalViewController.h */ = {isa = PBXFileReference; fileEncoding = 4; lastKnownFileType = sourcecode.c.h; path = ParentPortalViewController.h; sourceTree = "<group>"; };
		6508B4BC1A1BE93900776182 /* ParentPortalViewController.m */ = {isa = PBXFileReference; fileEncoding = 4; lastKnownFileType = sourcecode.c.objc; path = ParentPortalViewController.m; sourceTree = "<group>"; };
		652A8D901A1C475700162085 /* ScheduleCell.xib */ = {isa = PBXFileReference; fileEncoding = 4; lastKnownFileType = file.xib; path = ScheduleCell.xib; sourceTree = "<group>"; };
		657883CE1A260E1500D53B9A /* glyphicon_calendar.png */ = {isa = PBXFileReference; lastKnownFileType = image.png; path = glyphicon_calendar.png; sourceTree = "<group>"; };
		657883CF1A260E1500D53B9A /* glyphicon_calendar@2x.png */ = {isa = PBXFileReference; lastKnownFileType = image.png; path = "glyphicon_calendar@2x.png"; sourceTree = "<group>"; };
		657883D21A260E5700D53B9A /* glyphicon_list.png */ = {isa = PBXFileReference; lastKnownFileType = image.png; path = glyphicon_list.png; sourceTree = "<group>"; };
		657883D31A260E5700D53B9A /* glyphicon_list@2x.png */ = {isa = PBXFileReference; lastKnownFileType = image.png; path = "glyphicon_list@2x.png"; sourceTree = "<group>"; };
		657883D61A260F3600D53B9A /* glyphicon_parents.png */ = {isa = PBXFileReference; lastKnownFileType = image.png; path = glyphicon_parents.png; sourceTree = "<group>"; };
		657883D71A260F3600D53B9A /* glyphicon_parents@2x.png */ = {isa = PBXFileReference; lastKnownFileType = image.png; path = "glyphicon_parents@2x.png"; sourceTree = "<group>"; };
		657883DA1A260FD800D53B9A /* glyphicon_global.png */ = {isa = PBXFileReference; lastKnownFileType = image.png; path = glyphicon_global.png; sourceTree = "<group>"; };
		657883DB1A260FD800D53B9A /* glyphicon_global@2x.png */ = {isa = PBXFileReference; lastKnownFileType = image.png; path = "glyphicon_global@2x.png"; sourceTree = "<group>"; };
		657883E81A26DDDB00D53B9A /* libxml2.dylib */ = {isa = PBXFileReference; lastKnownFileType = "compiled.mach-o.dylib"; name = libxml2.dylib; path = usr/lib/libxml2.dylib; sourceTree = SDKROOT; };
		657883EA1A26DF2500D53B9A /* TFHpple.h */ = {isa = PBXFileReference; fileEncoding = 4; lastKnownFileType = sourcecode.c.h; path = TFHpple.h; sourceTree = "<group>"; };
		657883EB1A26DF2500D53B9A /* TFHpple.m */ = {isa = PBXFileReference; fileEncoding = 4; lastKnownFileType = sourcecode.c.objc; path = TFHpple.m; sourceTree = "<group>"; };
		657883EC1A26DF2500D53B9A /* TFHppleElement.h */ = {isa = PBXFileReference; fileEncoding = 4; lastKnownFileType = sourcecode.c.h; path = TFHppleElement.h; sourceTree = "<group>"; };
		657883ED1A26DF2500D53B9A /* TFHppleElement.m */ = {isa = PBXFileReference; fileEncoding = 4; lastKnownFileType = sourcecode.c.objc; path = TFHppleElement.m; sourceTree = "<group>"; };
		657883F31A26E07D00D53B9A /* libxml2.2.dylib */ = {isa = PBXFileReference; lastKnownFileType = "compiled.mach-o.dylib"; name = libxml2.2.dylib; path = usr/lib/libxml2.2.dylib; sourceTree = SDKROOT; };
		657883F51A26E09F00D53B9A /* XPathQuery.h */ = {isa = PBXFileReference; fileEncoding = 4; lastKnownFileType = sourcecode.c.h; name = XPathQuery.h; path = "../../../../../Downloads/hpple-master/XPathQuery.h"; sourceTree = "<group>"; };
		657883F61A26E09F00D53B9A /* XPathQuery.m */ = {isa = PBXFileReference; fileEncoding = 4; lastKnownFileType = sourcecode.c.objc; name = XPathQuery.m; path = "../../../../../Downloads/hpple-master/XPathQuery.m"; sourceTree = "<group>"; };
		657883F81A26E82E00D53B9A /* StaffStore.h */ = {isa = PBXFileReference; fileEncoding = 4; lastKnownFileType = sourcecode.c.h; path = StaffStore.h; sourceTree = "<group>"; };
		657883F91A26E82E00D53B9A /* StaffStore.m */ = {isa = PBXFileReference; fileEncoding = 4; lastKnownFileType = sourcecode.c.objc; path = StaffStore.m; sourceTree = "<group>"; };
		657883FB1A26E86D00D53B9A /* Staff.h */ = {isa = PBXFileReference; fileEncoding = 4; lastKnownFileType = sourcecode.c.h; path = Staff.h; sourceTree = "<group>"; };
		657883FC1A26E86D00D53B9A /* Staff.m */ = {isa = PBXFileReference; fileEncoding = 4; lastKnownFileType = sourcecode.c.objc; path = Staff.m; sourceTree = "<group>"; };
		657883FE1A28E77A00D53B9A /* StaffViewController.h */ = {isa = PBXFileReference; fileEncoding = 4; lastKnownFileType = sourcecode.c.h; path = StaffViewController.h; sourceTree = "<group>"; };
		657883FF1A28E77A00D53B9A /* StaffViewController.m */ = {isa = PBXFileReference; fileEncoding = 4; lastKnownFileType = sourcecode.c.objc; path = StaffViewController.m; sourceTree = "<group>"; };
		657884011A2AC5FF00D53B9A /* TeacherInfoViewController.h */ = {isa = PBXFileReference; fileEncoding = 4; lastKnownFileType = sourcecode.c.h; path = TeacherInfoViewController.h; sourceTree = "<group>"; };
		657884021A2AC5FF00D53B9A /* TeacherInfoViewController.m */ = {isa = PBXFileReference; fileEncoding = 4; lastKnownFileType = sourcecode.c.objc; path = TeacherInfoViewController.m; sourceTree = "<group>"; };
		657CA0C91A1810F200CEC044 /* RebelNet.app */ = {isa = PBXFileReference; explicitFileType = wrapper.application; includeInIndex = 0; path = RebelNet.app; sourceTree = BUILT_PRODUCTS_DIR; };
		657CA0CD1A1810F200CEC044 /* Info.plist */ = {isa = PBXFileReference; lastKnownFileType = text.plist.xml; path = Info.plist; sourceTree = "<group>"; };
		657CA0CE1A1810F200CEC044 /* main.m */ = {isa = PBXFileReference; lastKnownFileType = sourcecode.c.objc; path = main.m; sourceTree = "<group>"; };
		657CA0D01A1810F200CEC044 /* AppDelegate.h */ = {isa = PBXFileReference; lastKnownFileType = sourcecode.c.h; path = AppDelegate.h; sourceTree = "<group>"; };
		657CA0D11A1810F200CEC044 /* AppDelegate.m */ = {isa = PBXFileReference; lastKnownFileType = sourcecode.c.objc; path = AppDelegate.m; sourceTree = "<group>"; };
		657CA0D71A1810F200CEC044 /* Base */ = {isa = PBXFileReference; lastKnownFileType = file.storyboard; name = Base; path = Base.lproj/Main.storyboard; sourceTree = "<group>"; };
		657CA0D91A1810F200CEC044 /* Images.xcassets */ = {isa = PBXFileReference; lastKnownFileType = folder.assetcatalog; path = Images.xcassets; sourceTree = "<group>"; };
		657CA0DC1A1810F200CEC044 /* Base */ = {isa = PBXFileReference; lastKnownFileType = file.xib; name = Base; path = Base.lproj/LaunchScreen.xib; sourceTree = "<group>"; };
		657CA0E21A1810F200CEC044 /* RebelNetTests.xctest */ = {isa = PBXFileReference; explicitFileType = wrapper.cfbundle; includeInIndex = 0; path = RebelNetTests.xctest; sourceTree = BUILT_PRODUCTS_DIR; };
		657CA0E71A1810F200CEC044 /* Info.plist */ = {isa = PBXFileReference; lastKnownFileType = text.plist.xml; path = Info.plist; sourceTree = "<group>"; };
		657CA0E81A1810F200CEC044 /* RebelNetTests.m */ = {isa = PBXFileReference; lastKnownFileType = sourcecode.c.objc; path = RebelNetTests.m; sourceTree = "<group>"; };
		658505971A2BE9DA00487901 /* MessageUI.framework */ = {isa = PBXFileReference; lastKnownFileType = wrapper.framework; name = MessageUI.framework; path = System/Library/Frameworks/MessageUI.framework; sourceTree = SDKROOT; };
		658505991A2C24B800487901 /* cachedDataMetaValues.plist */ = {isa = PBXFileReference; fileEncoding = 4; lastKnownFileType = text.plist.xml; path = cachedDataMetaValues.plist; sourceTree = "<group>"; };
		65A0BE081A1DA18900DF297D /* PeriodViewController.h */ = {isa = PBXFileReference; fileEncoding = 4; lastKnownFileType = sourcecode.c.h; path = PeriodViewController.h; sourceTree = "<group>"; };
		65A0BE091A1DA18900DF297D /* PeriodViewController.m */ = {isa = PBXFileReference; fileEncoding = 4; lastKnownFileType = sourcecode.c.objc; path = PeriodViewController.m; sourceTree = "<group>"; };
		65A0BE0B1A1DA21300DF297D /* PeriodView.xib */ = {isa = PBXFileReference; fileEncoding = 4; lastKnownFileType = file.xib; path = PeriodView.xib; sourceTree = "<group>"; };
		65D0E1C81A25E96D00DA892E /* Rebel base logo.png */ = {isa = PBXFileReference; lastKnownFileType = image.png; path = "Rebel base logo.png"; sourceTree = "<group>"; };
		65D1B5B51A216492001BF782 /* PeriodStore.h */ = {isa = PBXFileReference; fileEncoding = 4; lastKnownFileType = sourcecode.c.h; path = PeriodStore.h; sourceTree = "<group>"; };
		65D1B5B61A216492001BF782 /* PeriodStore.m */ = {isa = PBXFileReference; fileEncoding = 4; lastKnownFileType = sourcecode.c.objc; path = PeriodStore.m; sourceTree = "<group>"; };
		65D1B5B81A2176F5001BF782 /* Period.h */ = {isa = PBXFileReference; fileEncoding = 4; lastKnownFileType = sourcecode.c.h; path = Period.h; sourceTree = "<group>"; };
		65D1B5B91A2176F5001BF782 /* Period.m */ = {isa = PBXFileReference; fileEncoding = 4; lastKnownFileType = sourcecode.c.objc; path = Period.m; sourceTree = "<group>"; };
		65D1B5BB1A2255E9001BF782 /* Constants.h */ = {isa = PBXFileReference; lastKnownFileType = sourcecode.c.h; path = Constants.h; sourceTree = "<group>"; };
		65DF180A1A1BF940004CE286 /* ScheduleViewController.h */ = {isa = PBXFileReference; fileEncoding = 4; lastKnownFileType = sourcecode.c.h; path = ScheduleViewController.h; sourceTree = "<group>"; };
		65DF180B1A1BF940004CE286 /* ScheduleViewController.m */ = {isa = PBXFileReference; fileEncoding = 4; lastKnownFileType = sourcecode.c.objc; path = ScheduleViewController.m; sourceTree = "<group>"; };
		65DF180F1A1C1F51004CE286 /* ScheduleCell.h */ = {isa = PBXFileReference; fileEncoding = 4; lastKnownFileType = sourcecode.c.h; path = ScheduleCell.h; sourceTree = "<group>"; };
		65DF18101A1C1F51004CE286 /* ScheduleCell.m */ = {isa = PBXFileReference; fileEncoding = 4; lastKnownFileType = sourcecode.c.objc; path = ScheduleCell.m; sourceTree = "<group>"; };
/* End PBXFileReference section */

/* Begin PBXFrameworksBuildPhase section */
		657CA0C61A1810F200CEC044 /* Frameworks */ = {
			isa = PBXFrameworksBuildPhase;
			buildActionMask = 2147483647;
			files = (
				658505981A2BE9DA00487901 /* MessageUI.framework in Frameworks */,
				657883F41A26E07D00D53B9A /* libxml2.2.dylib in Frameworks */,
			);
			runOnlyForDeploymentPostprocessing = 0;
		};
		657CA0DF1A1810F200CEC044 /* Frameworks */ = {
			isa = PBXFrameworksBuildPhase;
			buildActionMask = 2147483647;
			files = (
			);
			runOnlyForDeploymentPostprocessing = 0;
		};
/* End PBXFrameworksBuildPhase section */

/* Begin PBXGroup section */
		657883C51A25F63D00D53B9A /* View Controllers */ = {
			isa = PBXGroup;
			children = (
				657883FE1A28E77A00D53B9A /* StaffViewController.h */,
				657883FF1A28E77A00D53B9A /* StaffViewController.m */,
				6508B4B81A19A50400776182 /* ContactViewController.h */,
				6508B4B91A19A50400776182 /* ContactViewController.m */,
				6508B4BB1A1BE93900776182 /* ParentPortalViewController.h */,
				6508B4BC1A1BE93900776182 /* ParentPortalViewController.m */,
				65DF180A1A1BF940004CE286 /* ScheduleViewController.h */,
				65DF180B1A1BF940004CE286 /* ScheduleViewController.m */,
				65A0BE081A1DA18900DF297D /* PeriodViewController.h */,
				65A0BE091A1DA18900DF297D /* PeriodViewController.m */,
				657884011A2AC5FF00D53B9A /* TeacherInfoViewController.h */,
				657884021A2AC5FF00D53B9A /* TeacherInfoViewController.m */,
			);
			name = "View Controllers";
			sourceTree = "<group>";
		};
		657883C71A25F70300D53B9A /* Objects */ = {
			isa = PBXGroup;
			children = (
				65D1B5B51A216492001BF782 /* PeriodStore.h */,
				65D1B5B61A216492001BF782 /* PeriodStore.m */,
				65D1B5B81A2176F5001BF782 /* Period.h */,
				65D1B5B91A2176F5001BF782 /* Period.m */,
				657883F81A26E82E00D53B9A /* StaffStore.h */,
				657883F91A26E82E00D53B9A /* StaffStore.m */,
				657883FB1A26E86D00D53B9A /* Staff.h */,
				657883FC1A26E86D00D53B9A /* Staff.m */,
			);
			name = Objects;
			sourceTree = "<group>";
		};
		657883C81A25FA3800D53B9A /* XIBs And Owners */ = {
			isa = PBXGroup;
			children = (
				65DF180F1A1C1F51004CE286 /* ScheduleCell.h */,
				65DF18101A1C1F51004CE286 /* ScheduleCell.m */,
				652A8D901A1C475700162085 /* ScheduleCell.xib */,
				65A0BE0B1A1DA21300DF297D /* PeriodView.xib */,
			);
			name = "XIBs And Owners";
			sourceTree = "<group>";
		};
		657883DE1A26DC0100D53B9A /* Hpple */ = {
			isa = PBXGroup;
			children = (
				657883F51A26E09F00D53B9A /* XPathQuery.h */,
				657883F61A26E09F00D53B9A /* XPathQuery.m */,
				657883EA1A26DF2500D53B9A /* TFHpple.h */,
				657883EB1A26DF2500D53B9A /* TFHpple.m */,
				657883EC1A26DF2500D53B9A /* TFHppleElement.h */,
				657883ED1A26DF2500D53B9A /* TFHppleElement.m */,
			);
			name = Hpple;
			sourceTree = "<group>";
		};
		657CA0C01A1810F200CEC044 = {
			isa = PBXGroup;
			children = (
				658505971A2BE9DA00487901 /* MessageUI.framework */,
				657883F31A26E07D00D53B9A /* libxml2.2.dylib */,
				657883E81A26DDDB00D53B9A /* libxml2.dylib */,
				657CA0CB1A1810F200CEC044 /* RebelNet */,
				657CA0E51A1810F200CEC044 /* RebelNetTests */,
				657CA0CA1A1810F200CEC044 /* Products */,
			);
			sourceTree = "<group>";
		};
		657CA0CA1A1810F200CEC044 /* Products */ = {
			isa = PBXGroup;
			children = (
				657CA0C91A1810F200CEC044 /* RebelNet.app */,
				657CA0E21A1810F200CEC044 /* RebelNetTests.xctest */,
			);
			name = Products;
			sourceTree = "<group>";
		};
		657CA0CB1A1810F200CEC044 /* RebelNet */ = {
			isa = PBXGroup;
			children = (
				657CA0D01A1810F200CEC044 /* AppDelegate.h */,
				657CA0D11A1810F200CEC044 /* AppDelegate.m */,
				657CA0D61A1810F200CEC044 /* Main.storyboard */,
				657CA0D91A1810F200CEC044 /* Images.xcassets */,
				657CA0DB1A1810F200CEC044 /* LaunchScreen.xib */,
				65D1B5BB1A2255E9001BF782 /* Constants.h */,
				658505991A2C24B800487901 /* cachedDataMetaValues.plist */,
				657CA0CC1A1810F200CEC044 /* Supporting Files */,
				657883C51A25F63D00D53B9A /* View Controllers */,
				657883C81A25FA3800D53B9A /* XIBs And Owners */,
				657883C71A25F70300D53B9A /* Objects */,
				65D0E1C51A25E0FC00DA892E /* Images */,
				657883DE1A26DC0100D53B9A /* Hpple */,
			);
			path = RebelNet;
			sourceTree = "<group>";
		};
		657CA0CC1A1810F200CEC044 /* Supporting Files */ = {
			isa = PBXGroup;
			children = (
				657CA0CD1A1810F200CEC044 /* Info.plist */,
				657CA0CE1A1810F200CEC044 /* main.m */,
			);
			name = "Supporting Files";
			sourceTree = "<group>";
		};
		657CA0E51A1810F200CEC044 /* RebelNetTests */ = {
			isa = PBXGroup;
			children = (
				657CA0E81A1810F200CEC044 /* RebelNetTests.m */,
				657CA0E61A1810F200CEC044 /* Supporting Files */,
			);
			path = RebelNetTests;
			sourceTree = "<group>";
		};
		657CA0E61A1810F200CEC044 /* Supporting Files */ = {
			isa = PBXGroup;
			children = (
				657CA0E71A1810F200CEC044 /* Info.plist */,
			);
			name = "Supporting Files";
			sourceTree = "<group>";
		};
		65D0E1C51A25E0FC00DA892E /* Images */ = {
			isa = PBXGroup;
			children = (
				657883DA1A260FD800D53B9A /* glyphicon_global.png */,
				657883DB1A260FD800D53B9A /* glyphicon_global@2x.png */,
				657883D61A260F3600D53B9A /* glyphicon_parents.png */,
				657883D71A260F3600D53B9A /* glyphicon_parents@2x.png */,
				657883D21A260E5700D53B9A /* glyphicon_list.png */,
				657883D31A260E5700D53B9A /* glyphicon_list@2x.png */,
				657883CE1A260E1500D53B9A /* glyphicon_calendar.png */,
				657883CF1A260E1500D53B9A /* glyphicon_calendar@2x.png */,
				65D0E1C81A25E96D00DA892E /* Rebel base logo.png */,
			);
			name = Images;
			sourceTree = "<group>";
		};
/* End PBXGroup section */

/* Begin PBXNativeTarget section */
		657CA0C81A1810F200CEC044 /* RebelNet */ = {
			isa = PBXNativeTarget;
			buildConfigurationList = 657CA0EC1A1810F200CEC044 /* Build configuration list for PBXNativeTarget "RebelNet" */;
			buildPhases = (
				657CA0C51A1810F200CEC044 /* Sources */,
				657CA0C61A1810F200CEC044 /* Frameworks */,
				657CA0C71A1810F200CEC044 /* Resources */,
			);
			buildRules = (
			);
			dependencies = (
			);
			name = RebelNet;
			productName = RebelNet;
			productReference = 657CA0C91A1810F200CEC044 /* RebelNet.app */;
			productType = "com.apple.product-type.application";
		};
		657CA0E11A1810F200CEC044 /* RebelNetTests */ = {
			isa = PBXNativeTarget;
			buildConfigurationList = 657CA0EF1A1810F200CEC044 /* Build configuration list for PBXNativeTarget "RebelNetTests" */;
			buildPhases = (
				657CA0DE1A1810F200CEC044 /* Sources */,
				657CA0DF1A1810F200CEC044 /* Frameworks */,
				657CA0E01A1810F200CEC044 /* Resources */,
			);
			buildRules = (
			);
			dependencies = (
				657CA0E41A1810F200CEC044 /* PBXTargetDependency */,
			);
			name = RebelNetTests;
			productName = RebelNetTests;
			productReference = 657CA0E21A1810F200CEC044 /* RebelNetTests.xctest */;
			productType = "com.apple.product-type.bundle.unit-test";
		};
/* End PBXNativeTarget section */

/* Begin PBXProject section */
		657CA0C11A1810F200CEC044 /* Project object */ = {
			isa = PBXProject;
			attributes = {
				LastUpgradeCheck = 0610;
				ORGANIZATIONNAME = Andre;
				TargetAttributes = {
					657CA0C81A1810F200CEC044 = {
						CreatedOnToolsVersion = 6.1;
					};
					657CA0E11A1810F200CEC044 = {
						CreatedOnToolsVersion = 6.1;
						TestTargetID = 657CA0C81A1810F200CEC044;
					};
				};
			};
			buildConfigurationList = 657CA0C41A1810F200CEC044 /* Build configuration list for PBXProject "RebelNet" */;
			compatibilityVersion = "Xcode 3.2";
			developmentRegion = English;
			hasScannedForEncodings = 0;
			knownRegions = (
				en,
				Base,
			);
			mainGroup = 657CA0C01A1810F200CEC044;
			productRefGroup = 657CA0CA1A1810F200CEC044 /* Products */;
			projectDirPath = "";
			projectRoot = "";
			targets = (
				657CA0C81A1810F200CEC044 /* RebelNet */,
				657CA0E11A1810F200CEC044 /* RebelNetTests */,
			);
		};
/* End PBXProject section */

/* Begin PBXResourcesBuildPhase section */
		657CA0C71A1810F200CEC044 /* Resources */ = {
			isa = PBXResourcesBuildPhase;
			buildActionMask = 2147483647;
			files = (
				65A0BE0C1A1DA21300DF297D /* PeriodView.xib in Resources */,
				657CA0D81A1810F200CEC044 /* Main.storyboard in Resources */,
				657883D81A260F3600D53B9A /* glyphicon_parents.png in Resources */,
				657883D91A260F3600D53B9A /* glyphicon_parents@2x.png in Resources */,
				657CA0DD1A1810F200CEC044 /* LaunchScreen.xib in Resources */,
				6585059A1A2C24B800487901 /* cachedDataMetaValues.plist in Resources */,
				657883DD1A260FD800D53B9A /* glyphicon_global@2x.png in Resources */,
				657883D41A260E5700D53B9A /* glyphicon_list.png in Resources */,
				652A8D911A1C475700162085 /* ScheduleCell.xib in Resources */,
				657883D11A260E1500D53B9A /* glyphicon_calendar@2x.png in Resources */,
				657883D01A260E1500D53B9A /* glyphicon_calendar.png in Resources */,
				657883DC1A260FD800D53B9A /* glyphicon_global.png in Resources */,
				657883D51A260E5700D53B9A /* glyphicon_list@2x.png in Resources */,
				65D0E1C91A25E96D00DA892E /* Rebel base logo.png in Resources */,
				657CA0DA1A1810F200CEC044 /* Images.xcassets in Resources */,
			);
			runOnlyForDeploymentPostprocessing = 0;
		};
		657CA0E01A1810F200CEC044 /* Resources */ = {
			isa = PBXResourcesBuildPhase;
			buildActionMask = 2147483647;
			files = (
			);
			runOnlyForDeploymentPostprocessing = 0;
		};
/* End PBXResourcesBuildPhase section */

/* Begin PBXSourcesBuildPhase section */
		657CA0C51A1810F200CEC044 /* Sources */ = {
			isa = PBXSourcesBuildPhase;
			buildActionMask = 2147483647;
			files = (
				65D1B5B71A216492001BF782 /* PeriodStore.m in Sources */,
				657884001A28E77A00D53B9A /* StaffViewController.m in Sources */,
				65DF18111A1C1F51004CE286 /* ScheduleCell.m in Sources */,
				657883FD1A26E86D00D53B9A /* Staff.m in Sources */,
				65DF180C1A1BF940004CE286 /* ScheduleViewController.m in Sources */,
				65A0BE0A1A1DA18900DF297D /* PeriodViewController.m in Sources */,
				6508B4BA1A19A50400776182 /* ContactViewController.m in Sources */,
				657883F01A26DF2500D53B9A /* TFHpple.m in Sources */,
				65D1B5BA1A2176F5001BF782 /* Period.m in Sources */,
				6508B4BD1A1BE93A00776182 /* ParentPortalViewController.m in Sources */,
				657CA0D21A1810F200CEC044 /* AppDelegate.m in Sources */,
				657CA0CF1A1810F200CEC044 /* main.m in Sources */,
				657883F71A26E09F00D53B9A /* XPathQuery.m in Sources */,
				657884041A2AC5FF00D53B9A /* TeacherInfoViewController.m in Sources */,
				657883FA1A26E82E00D53B9A /* StaffStore.m in Sources */,
				657883F11A26DF2500D53B9A /* TFHppleElement.m in Sources */,
			);
			runOnlyForDeploymentPostprocessing = 0;
		};
		657CA0DE1A1810F200CEC044 /* Sources */ = {
			isa = PBXSourcesBuildPhase;
			buildActionMask = 2147483647;
			files = (
				657CA0E91A1810F200CEC044 /* RebelNetTests.m in Sources */,
			);
			runOnlyForDeploymentPostprocessing = 0;
		};
/* End PBXSourcesBuildPhase section */

/* Begin PBXTargetDependency section */
		657CA0E41A1810F200CEC044 /* PBXTargetDependency */ = {
			isa = PBXTargetDependency;
			target = 657CA0C81A1810F200CEC044 /* RebelNet */;
			targetProxy = 657CA0E31A1810F200CEC044 /* PBXContainerItemProxy */;
		};
/* End PBXTargetDependency section */

/* Begin PBXVariantGroup section */
		657CA0D61A1810F200CEC044 /* Main.storyboard */ = {
			isa = PBXVariantGroup;
			children = (
				657CA0D71A1810F200CEC044 /* Base */,
			);
			name = Main.storyboard;
			sourceTree = "<group>";
		};
		657CA0DB1A1810F200CEC044 /* LaunchScreen.xib */ = {
			isa = PBXVariantGroup;
			children = (
				657CA0DC1A1810F200CEC044 /* Base */,
			);
			name = LaunchScreen.xib;
			sourceTree = "<group>";
		};
/* End PBXVariantGroup section */

/* Begin XCBuildConfiguration section */
		657CA0EA1A1810F200CEC044 /* Debug */ = {
			isa = XCBuildConfiguration;
			buildSettings = {
				ALWAYS_SEARCH_USER_PATHS = NO;
				CLANG_CXX_LANGUAGE_STANDARD = "gnu++0x";
				CLANG_CXX_LIBRARY = "libc++";
				CLANG_ENABLE_MODULES = YES;
				CLANG_ENABLE_OBJC_ARC = YES;
				CLANG_WARN_BOOL_CONVERSION = YES;
				CLANG_WARN_CONSTANT_CONVERSION = YES;
				CLANG_WARN_DIRECT_OBJC_ISA_USAGE = YES_ERROR;
				CLANG_WARN_EMPTY_BODY = YES;
				CLANG_WARN_ENUM_CONVERSION = YES;
				CLANG_WARN_INT_CONVERSION = YES;
				CLANG_WARN_OBJC_ROOT_CLASS = YES_ERROR;
				CLANG_WARN_UNREACHABLE_CODE = YES;
				CLANG_WARN__DUPLICATE_METHOD_MATCH = YES;
				"CODE_SIGN_IDENTITY[sdk=iphoneos*]" = "iPhone Developer";
				COPY_PHASE_STRIP = NO;
				ENABLE_STRICT_OBJC_MSGSEND = YES;
				GCC_C_LANGUAGE_STANDARD = gnu99;
				GCC_DYNAMIC_NO_PIC = NO;
				GCC_OPTIMIZATION_LEVEL = 0;
				GCC_PREPROCESSOR_DEFINITIONS = (
					"DEBUG=1",
					"$(inherited)",
				);
				GCC_SYMBOLS_PRIVATE_EXTERN = NO;
				GCC_WARN_64_TO_32_BIT_CONVERSION = YES;
				GCC_WARN_ABOUT_RETURN_TYPE = YES_ERROR;
				GCC_WARN_UNDECLARED_SELECTOR = YES;
				GCC_WARN_UNINITIALIZED_AUTOS = YES_AGGRESSIVE;
				GCC_WARN_UNUSED_FUNCTION = YES;
				GCC_WARN_UNUSED_VARIABLE = YES;
				IPHONEOS_DEPLOYMENT_TARGET = 8.1;
				MTL_ENABLE_DEBUG_INFO = YES;
				ONLY_ACTIVE_ARCH = YES;
				SDKROOT = iphoneos;
			};
			name = Debug;
		};
		657CA0EB1A1810F200CEC044 /* Release */ = {
			isa = XCBuildConfiguration;
			buildSettings = {
				ALWAYS_SEARCH_USER_PATHS = NO;
				CLANG_CXX_LANGUAGE_STANDARD = "gnu++0x";
				CLANG_CXX_LIBRARY = "libc++";
				CLANG_ENABLE_MODULES = YES;
				CLANG_ENABLE_OBJC_ARC = YES;
				CLANG_WARN_BOOL_CONVERSION = YES;
				CLANG_WARN_CONSTANT_CONVERSION = YES;
				CLANG_WARN_DIRECT_OBJC_ISA_USAGE = YES_ERROR;
				CLANG_WARN_EMPTY_BODY = YES;
				CLANG_WARN_ENUM_CONVERSION = YES;
				CLANG_WARN_INT_CONVERSION = YES;
				CLANG_WARN_OBJC_ROOT_CLASS = YES_ERROR;
				CLANG_WARN_UNREACHABLE_CODE = YES;
				CLANG_WARN__DUPLICATE_METHOD_MATCH = YES;
				"CODE_SIGN_IDENTITY[sdk=iphoneos*]" = "iPhone Developer";
				COPY_PHASE_STRIP = YES;
				ENABLE_NS_ASSERTIONS = NO;
				ENABLE_STRICT_OBJC_MSGSEND = YES;
				GCC_C_LANGUAGE_STANDARD = gnu99;
				GCC_WARN_64_TO_32_BIT_CONVERSION = YES;
				GCC_WARN_ABOUT_RETURN_TYPE = YES_ERROR;
				GCC_WARN_UNDECLARED_SELECTOR = YES;
				GCC_WARN_UNINITIALIZED_AUTOS = YES_AGGRESSIVE;
				GCC_WARN_UNUSED_FUNCTION = YES;
				GCC_WARN_UNUSED_VARIABLE = YES;
				IPHONEOS_DEPLOYMENT_TARGET = 8.1;
				MTL_ENABLE_DEBUG_INFO = NO;
				SDKROOT = iphoneos;
				VALIDATE_PRODUCT = YES;
			};
			name = Release;
		};
		657CA0ED1A1810F200CEC044 /* Debug */ = {
			isa = XCBuildConfiguration;
			buildSettings = {
				ASSETCATALOG_COMPILER_APPICON_NAME = AppIcon;
				HEADER_SEARCH_PATHS = (
					"$(inherited)",
					/Applications/Xcode.app/Contents/Developer/Toolchains/XcodeDefault.xctoolchain/usr/include,
					"$(SDKROOT)/usr/include/libxml2",
				);
				INFOPLIST_FILE = RebelNet/Info.plist;
				IPHONEOS_DEPLOYMENT_TARGET = 7.1;
				LD_RUNPATH_SEARCH_PATHS = "$(inherited) @executable_path/Frameworks";
				PRODUCT_NAME = "$(TARGET_NAME)";
				TARGETED_DEVICE_FAMILY = "1,2";
			};
			name = Debug;
		};
		657CA0EE1A1810F200CEC044 /* Release */ = {
			isa = XCBuildConfiguration;
			buildSettings = {
				ASSETCATALOG_COMPILER_APPICON_NAME = AppIcon;
				HEADER_SEARCH_PATHS = (
					"$(inherited)",
					/Applications/Xcode.app/Contents/Developer/Toolchains/XcodeDefault.xctoolchain/usr/include,
					"$(SDKROOT)/usr/include/libxml2",
				);
				INFOPLIST_FILE = RebelNet/Info.plist;
				IPHONEOS_DEPLOYMENT_TARGET = 7.1;
				LD_RUNPATH_SEARCH_PATHS = "$(inherited) @executable_path/Frameworks";
				PRODUCT_NAME = "$(TARGET_NAME)";
				TARGETED_DEVICE_FAMILY = "1,2";
			};
			name = Release;
		};
		657CA0F01A1810F200CEC044 /* Debug */ = {
			isa = XCBuildConfiguration;
			buildSettings = {
				BUNDLE_LOADER = "$(TEST_HOST)";
				FRAMEWORK_SEARCH_PATHS = (
					"$(SDKROOT)/Developer/Library/Frameworks",
					"$(inherited)",
				);
				GCC_PREPROCESSOR_DEFINITIONS = (
					"DEBUG=1",
					"$(inherited)",
				);
				INFOPLIST_FILE = RebelNetTests/Info.plist;
				LD_RUNPATH_SEARCH_PATHS = "$(inherited) @executable_path/Frameworks @loader_path/Frameworks";
				PRODUCT_NAME = "$(TARGET_NAME)";
				TEST_HOST = "$(BUILT_PRODUCTS_DIR)/RebelNet.app/RebelNet";
			};
			name = Debug;
		};
		657CA0F11A1810F200CEC044 /* Release */ = {
			isa = XCBuildConfiguration;
			buildSettings = {
				BUNDLE_LOADER = "$(TEST_HOST)";
				FRAMEWORK_SEARCH_PATHS = (
					"$(SDKROOT)/Developer/Library/Frameworks",
					"$(inherited)",
				);
				INFOPLIST_FILE = RebelNetTests/Info.plist;
				LD_RUNPATH_SEARCH_PATHS = "$(inherited) @executable_path/Frameworks @loader_path/Frameworks";
				PRODUCT_NAME = "$(TARGET_NAME)";
				TEST_HOST = "$(BUILT_PRODUCTS_DIR)/RebelNet.app/RebelNet";
			};
			name = Release;
		};
/* End XCBuildConfiguration section */

/* Begin XCConfigurationList section */
		657CA0C41A1810F200CEC044 /* Build configuration list for PBXProject "RebelNet" */ = {
			isa = XCConfigurationList;
			buildConfigurations = (
				657CA0EA1A1810F200CEC044 /* Debug */,
				657CA0EB1A1810F200CEC044 /* Release */,
			);
			defaultConfigurationIsVisible = 0;
			defaultConfigurationName = Release;
		};
		657CA0EC1A1810F200CEC044 /* Build configuration list for PBXNativeTarget "RebelNet" */ = {
			isa = XCConfigurationList;
			buildConfigurations = (
				657CA0ED1A1810F200CEC044 /* Debug */,
				657CA0EE1A1810F200CEC044 /* Release */,
			);
			defaultConfigurationIsVisible = 0;
			defaultConfigurationName = Release;
		};
		657CA0EF1A1810F200CEC044 /* Build configuration list for PBXNativeTarget "RebelNetTests" */ = {
			isa = XCConfigurationList;
			buildConfigurations = (
				657CA0F01A1810F200CEC044 /* Debug */,
				657CA0F11A1810F200CEC044 /* Release */,
			);
			defaultConfigurationIsVisible = 0;
			defaultConfigurationName = Release;
		};
/* End XCConfigurationList section */
	};
	rootObject = 657CA0C11A1810F200CEC044 /* Project object */;
}
